
Microsoft Visual Studio Solution File, Format Version 12.00
# Visual Studio Version 16
VisualStudioVersion = 16.0.31624.102
MinimumVisualStudioVersion = 10.0.40219.1
Project("{FAE04EC0-301F-11D3-BF4B-00C04F79EFBC}") = "IPTreatmentMicroservice", "IPTreatmentMicroservice.csproj", "{418BD099-B4C3-4833-8EF3-FFAE19352156}"
EndProject
Global
	GlobalSection(SolutionConfigurationPlatforms) = preSolution
		Debug|Any CPU = Debug|Any CPU
		Release|Any CPU = Release|Any CPU
	EndGlobalSection
	GlobalSection(ProjectConfigurationPlatforms) = postSolution
		{418BD099-B4C3-4833-8EF3-FFAE19352156}.Debug|Any CPU.ActiveCfg = Debug|Any CPU
		{418BD099-B4C3-4833-8EF3-FFAE19352156}.Debug|Any CPU.Build.0 = Debug|Any CPU
		{418BD099-B4C3-4833-8EF3-FFAE19352156}.Release|Any CPU.ActiveCfg = Release|Any CPU
		{418BD099-B4C3-4833-8EF3-FFAE19352156}.Release|Any CPU.Build.0 = Release|Any CPU
	EndGlobalSection
	GlobalSection(SolutionProperties) = preSolution
		HideSolutionNode = FALSE
	EndGlobalSection
	GlobalSection(ExtensibilityGlobals) = postSolution
		SolutionGuid = {F3449C46-99FD-4244-B6C8-66B3A057B981}
	EndGlobalSection
EndGlobal
